
Microsoft Visual Studio Solution File, Format Version 12.00
# Visual Studio 15
VisualStudioVersion = 15.0.28010.2016
MinimumVisualStudioVersion = 10.0.40219.1
Project("{FAE04EC0-301F-11D3-BF4B-00C04F79EFBC}") = "SearchAlgorithm", "SearchAlgorithm\SearchAlgorithm.csproj", "{28C2360B-D2F3-422A-9FB5-E6585122E3E7}"
EndProject
Global
	GlobalSection(SolutionConfigurationPlatforms) = preSolution
		Debug|Any CPU = Debug|Any CPU
		Release|Any CPU = Release|Any CPU
	EndGlobalSection
	GlobalSection(ProjectConfigurationPlatforms) = postSolution
		{28C2360B-D2F3-422A-9FB5-E6585122E3E7}.Debug|Any CPU.ActiveCfg = Debug|Any CPU
		{28C2360B-D2F3-422A-9FB5-E6585122E3E7}.Debug|Any CPU.Build.0 = Debug|Any CPU
		{28C2360B-D2F3-422A-9FB5-E6585122E3E7}.Release|Any CPU.ActiveCfg = Release|Any CPU
		{28C2360B-D2F3-422A-9FB5-E6585122E3E7}.Release|Any CPU.Build.0 = Release|Any CPU
	EndGlobalSection
	GlobalSection(SolutionProperties) = preSolution
		HideSolutionNode = FALSE
	EndGlobalSection
	GlobalSection(ExtensibilityGlobals) = postSolution
		SolutionGuid = {6F037E07-C0DF-4285-9F86-4085D96D066C}
	EndGlobalSection
EndGlobal
